
Microsoft Visual Studio Solution File, Format Version 11.00
# Visual Studio 2010
Project("{FAE04EC0-301F-11D3-BF4B-00C04F79EFBC}") = "WhirlyGlobe-Maply", "WhirlyGlobe-Maply.csproj", "{F22AE412-6E1D-47DE-9A0C-3AABBDB777D7}"
EndProject
Project("{FAE04EC0-301F-11D3-BF4B-00C04F79EFBC}") = "WGTest", "WGTest\WGTest.csproj", "{7F39C7D1-8E33-4155-B4AE-9349398EE6F6}"
EndProject
Global
	GlobalSection(SolutionConfigurationPlatforms) = preSolution
		Debug|Any CPU = Debug|Any CPU
		Release|Any CPU = Release|Any CPU
		Debug|iPhoneSimulator = Debug|iPhoneSimulator
		Release|iPhone = Release|iPhone
		Release|iPhoneSimulator = Release|iPhoneSimulator
		Debug|iPhone = Debug|iPhone
	EndGlobalSection
	GlobalSection(ProjectConfigurationPlatforms) = postSolution
		{F22AE412-6E1D-47DE-9A0C-3AABBDB777D7}.Debug|Any CPU.ActiveCfg = Debug|Any CPU
		{F22AE412-6E1D-47DE-9A0C-3AABBDB777D7}.Debug|Any CPU.Build.0 = Debug|Any CPU
		{F22AE412-6E1D-47DE-9A0C-3AABBDB777D7}.Release|Any CPU.ActiveCfg = Release|Any CPU
		{F22AE412-6E1D-47DE-9A0C-3AABBDB777D7}.Release|Any CPU.Build.0 = Release|Any CPU
		{F22AE412-6E1D-47DE-9A0C-3AABBDB777D7}.Debug|iPhoneSimulator.ActiveCfg = Debug|Any CPU
		{F22AE412-6E1D-47DE-9A0C-3AABBDB777D7}.Debug|iPhoneSimulator.Build.0 = Debug|Any CPU
		{F22AE412-6E1D-47DE-9A0C-3AABBDB777D7}.Release|iPhone.ActiveCfg = Release|Any CPU
		{F22AE412-6E1D-47DE-9A0C-3AABBDB777D7}.Release|iPhone.Build.0 = Release|Any CPU
		{F22AE412-6E1D-47DE-9A0C-3AABBDB777D7}.Release|iPhoneSimulator.ActiveCfg = Release|Any CPU
		{F22AE412-6E1D-47DE-9A0C-3AABBDB777D7}.Release|iPhoneSimulator.Build.0 = Release|Any CPU
		{F22AE412-6E1D-47DE-9A0C-3AABBDB777D7}.Debug|iPhone.ActiveCfg = Debug|Any CPU
		{F22AE412-6E1D-47DE-9A0C-3AABBDB777D7}.Debug|iPhone.Build.0 = Debug|Any CPU
		{7F39C7D1-8E33-4155-B4AE-9349398EE6F6}.Debug|Any CPU.ActiveCfg = Debug|iPhoneSimulator
		{7F39C7D1-8E33-4155-B4AE-9349398EE6F6}.Debug|Any CPU.Build.0 = Debug|iPhoneSimulator
		{7F39C7D1-8E33-4155-B4AE-9349398EE6F6}.Release|Any CPU.ActiveCfg = Release|iPhone
		{7F39C7D1-8E33-4155-B4AE-9349398EE6F6}.Release|Any CPU.Build.0 = Release|iPhone
		{7F39C7D1-8E33-4155-B4AE-9349398EE6F6}.Debug|iPhoneSimulator.ActiveCfg = Debug|iPhoneSimulator
		{7F39C7D1-8E33-4155-B4AE-9349398EE6F6}.Debug|iPhoneSimulator.Build.0 = Debug|iPhoneSimulator
		{7F39C7D1-8E33-4155-B4AE-9349398EE6F6}.Release|iPhone.ActiveCfg = Release|iPhone
		{7F39C7D1-8E33-4155-B4AE-9349398EE6F6}.Release|iPhone.Build.0 = Release|iPhone
		{7F39C7D1-8E33-4155-B4AE-9349398EE6F6}.Release|iPhoneSimulator.ActiveCfg = Release|iPhoneSimulator
		{7F39C7D1-8E33-4155-B4AE-9349398EE6F6}.Release|iPhoneSimulator.Build.0 = Release|iPhoneSimulator
		{7F39C7D1-8E33-4155-B4AE-9349398EE6F6}.Debug|iPhone.ActiveCfg = Debug|iPhone
		{7F39C7D1-8E33-4155-B4AE-9349398EE6F6}.Debug|iPhone.Build.0 = Debug|iPhone
	EndGlobalSection
EndGlobal
